// !$*UTF8*$!
{
	archiveVersion = 1;
	classes = {
	};
	objectVersion = 56;
	objects = {

/* Begin PBXBuildFile section */
		BF55DBE12B15CA6B00FB36CA /* FeedItem.swift in Sources */ = {isa = PBXBuildFile; fileRef = BF55DBE02B15CA6B00FB36CA /* FeedItem.swift */; };
		BF55DBE32B15CD2600FB36CA /* FeedLoader.swift in Sources */ = {isa = PBXBuildFile; fileRef = BF55DBE22B15CD2600FB36CA /* FeedLoader.swift */; };
		BF55DBE62B15F85A00FB36CA /* RemoteFeedLoaderTests.swift in Sources */ = {isa = PBXBuildFile; fileRef = BF55DBE52B15F85A00FB36CA /* RemoteFeedLoaderTests.swift */; };
		BF642E142B14DC3000D6F2DC /* EssentialFeed.framework in Frameworks */ = {isa = PBXBuildFile; fileRef = BF642E0B2B14DC3000D6F2DC /* EssentialFeed.framework */; };
		BF642E1A2B14DC3000D6F2DC /* EssentialFeed.h in Headers */ = {isa = PBXBuildFile; fileRef = BF642E0E2B14DC3000D6F2DC /* EssentialFeed.h */; settings = {ATTRIBUTES = (Public, ); }; };
		BF91D6422B1E4CD100238ABF /* URLSessionHTTPClientTests.swift in Sources */ = {isa = PBXBuildFile; fileRef = BF91D6412B1E4CD100238ABF /* URLSessionHTTPClientTests.swift */; };
		BFB936F32B16EC2600B37B3E /* RemoteFeedLoader.swift in Sources */ = {isa = PBXBuildFile; fileRef = BFB936F22B16EC2600B37B3E /* RemoteFeedLoader.swift */; };
		BFB936F52B172DDB00B37B3E /* HTTPClient.swift in Sources */ = {isa = PBXBuildFile; fileRef = BFB936F42B172DDB00B37B3E /* HTTPClient.swift */; };
		BFB936F72B172E5300B37B3E /* FeedItemsMapper.swift in Sources */ = {isa = PBXBuildFile; fileRef = BFB936F62B172E5300B37B3E /* FeedItemsMapper.swift */; };
		BFE648342B240E8400FA765D /* XCTestCase+MemoryLeakTracking.swift in Sources */ = {isa = PBXBuildFile; fileRef = BFE648332B240E8400FA765D /* XCTestCase+MemoryLeakTracking.swift */; };
		BFE648362B24384D00FA765D /* URLSessionHTTPClient.swift in Sources */ = {isa = PBXBuildFile; fileRef = BFE648352B24384D00FA765D /* URLSessionHTTPClient.swift */; };
		BFE6483E2B243C9000FA765D /* EssentialFeedAPIEndToEndTests.swift in Sources */ = {isa = PBXBuildFile; fileRef = BFE6483D2B243C9000FA765D /* EssentialFeedAPIEndToEndTests.swift */; };
		BFE6483F2B243C9000FA765D /* EssentialFeed.framework in Frameworks */ = {isa = PBXBuildFile; fileRef = BF642E0B2B14DC3000D6F2DC /* EssentialFeed.framework */; };
		BFE648452B243F5100FA765D /* XCTestCase+MemoryLeakTracking.swift in Sources */ = {isa = PBXBuildFile; fileRef = BFE648332B240E8400FA765D /* XCTestCase+MemoryLeakTracking.swift */; };
/* End PBXBuildFile section */

/* Begin PBXContainerItemProxy section */
		BF642E152B14DC3000D6F2DC /* PBXContainerItemProxy */ = {
			isa = PBXContainerItemProxy;
			containerPortal = BF642E022B14DC3000D6F2DC /* Project object */;
			proxyType = 1;
			remoteGlobalIDString = BF642E0A2B14DC3000D6F2DC;
			remoteInfo = EssentialFeed;
		};
		BFE648402B243C9000FA765D /* PBXContainerItemProxy */ = {
			isa = PBXContainerItemProxy;
			containerPortal = BF642E022B14DC3000D6F2DC /* Project object */;
			proxyType = 1;
			remoteGlobalIDString = BF642E0A2B14DC3000D6F2DC;
			remoteInfo = EssentialFeed;
		};
/* End PBXContainerItemProxy section */

/* Begin PBXFileReference section */
		BF55DBE02B15CA6B00FB36CA /* FeedItem.swift */ = {isa = PBXFileReference; fileEncoding = 4; lastKnownFileType = sourcecode.swift; path = FeedItem.swift; sourceTree = "<group>"; };
		BF55DBE22B15CD2600FB36CA /* FeedLoader.swift */ = {isa = PBXFileReference; lastKnownFileType = sourcecode.swift; path = FeedLoader.swift; sourceTree = "<group>"; };
		BF55DBE52B15F85A00FB36CA /* RemoteFeedLoaderTests.swift */ = {isa = PBXFileReference; lastKnownFileType = sourcecode.swift; path = RemoteFeedLoaderTests.swift; sourceTree = "<group>"; };
		BF642E0B2B14DC3000D6F2DC /* EssentialFeed.framework */ = {isa = PBXFileReference; explicitFileType = wrapper.framework; includeInIndex = 0; path = EssentialFeed.framework; sourceTree = BUILT_PRODUCTS_DIR; };
		BF642E0E2B14DC3000D6F2DC /* EssentialFeed.h */ = {isa = PBXFileReference; lastKnownFileType = sourcecode.c.h; path = EssentialFeed.h; sourceTree = "<group>"; };
		BF642E132B14DC3000D6F2DC /* EssentialFeedTests.xctest */ = {isa = PBXFileReference; explicitFileType = wrapper.cfbundle; includeInIndex = 0; path = EssentialFeedTests.xctest; sourceTree = BUILT_PRODUCTS_DIR; };
		BF91D6412B1E4CD100238ABF /* URLSessionHTTPClientTests.swift */ = {isa = PBXFileReference; lastKnownFileType = sourcecode.swift; path = URLSessionHTTPClientTests.swift; sourceTree = "<group>"; };
		BFB936F22B16EC2600B37B3E /* RemoteFeedLoader.swift */ = {isa = PBXFileReference; lastKnownFileType = sourcecode.swift; path = RemoteFeedLoader.swift; sourceTree = "<group>"; };
		BFB936F42B172DDB00B37B3E /* HTTPClient.swift */ = {isa = PBXFileReference; lastKnownFileType = sourcecode.swift; path = HTTPClient.swift; sourceTree = "<group>"; };
		BFB936F62B172E5300B37B3E /* FeedItemsMapper.swift */ = {isa = PBXFileReference; lastKnownFileType = sourcecode.swift; path = FeedItemsMapper.swift; sourceTree = "<group>"; };
		BFE648332B240E8400FA765D /* XCTestCase+MemoryLeakTracking.swift */ = {isa = PBXFileReference; lastKnownFileType = sourcecode.swift; path = "XCTestCase+MemoryLeakTracking.swift"; sourceTree = "<group>"; };
		BFE648352B24384D00FA765D /* URLSessionHTTPClient.swift */ = {isa = PBXFileReference; lastKnownFileType = sourcecode.swift; path = URLSessionHTTPClient.swift; sourceTree = "<group>"; };
		BFE6483B2B243C9000FA765D /* EssentialFeedAPIEndToEndTests.xctest */ = {isa = PBXFileReference; explicitFileType = wrapper.cfbundle; includeInIndex = 0; path = EssentialFeedAPIEndToEndTests.xctest; sourceTree = BUILT_PRODUCTS_DIR; };
		BFE6483D2B243C9000FA765D /* EssentialFeedAPIEndToEndTests.swift */ = {isa = PBXFileReference; lastKnownFileType = sourcecode.swift; path = EssentialFeedAPIEndToEndTests.swift; sourceTree = "<group>"; };
		BFE648462B24440700FA765D /* CI.xctestplan */ = {isa = PBXFileReference; lastKnownFileType = text; path = CI.xctestplan; sourceTree = "<group>"; };
/* End PBXFileReference section */

/* Begin PBXFrameworksBuildPhase section */
		BF642E082B14DC3000D6F2DC /* Frameworks */ = {
			isa = PBXFrameworksBuildPhase;
			buildActionMask = 2147483647;
			files = (
			);
			runOnlyForDeploymentPostprocessing = 0;
		};
		BF642E102B14DC3000D6F2DC /* Frameworks */ = {
			isa = PBXFrameworksBuildPhase;
			buildActionMask = 2147483647;
			files = (
				BF642E142B14DC3000D6F2DC /* EssentialFeed.framework in Frameworks */,
			);
			runOnlyForDeploymentPostprocessing = 0;
		};
		BFE648382B243C9000FA765D /* Frameworks */ = {
			isa = PBXFrameworksBuildPhase;
			buildActionMask = 2147483647;
			files = (
				BFE6483F2B243C9000FA765D /* EssentialFeed.framework in Frameworks */,
			);
			runOnlyForDeploymentPostprocessing = 0;
		};
/* End PBXFrameworksBuildPhase section */

/* Begin PBXGroup section */
		BF55DBE42B15CE7D00FB36CA /* Feed Feature */ = {
			isa = PBXGroup;
			children = (
				BF55DBE02B15CA6B00FB36CA /* FeedItem.swift */,
				BF55DBE22B15CD2600FB36CA /* FeedLoader.swift */,
			);
			path = "Feed Feature";
			sourceTree = "<group>";
		};
		BF642E012B14DC3000D6F2DC = {
			isa = PBXGroup;
			children = (
				BF642E0D2B14DC3000D6F2DC /* EssentialFeed */,
				BF642E172B14DC3000D6F2DC /* EssentialFeedTests */,
				BFE6483C2B243C9000FA765D /* EssentialFeedAPIEndToEndTests */,
				BF642E0C2B14DC3000D6F2DC /* Products */,
			);
			sourceTree = "<group>";
		};
		BF642E0C2B14DC3000D6F2DC /* Products */ = {
			isa = PBXGroup;
			children = (
				BF642E0B2B14DC3000D6F2DC /* EssentialFeed.framework */,
				BF642E132B14DC3000D6F2DC /* EssentialFeedTests.xctest */,
				BFE6483B2B243C9000FA765D /* EssentialFeedAPIEndToEndTests.xctest */,
			);
			name = Products;
			sourceTree = "<group>";
		};
		BF642E0D2B14DC3000D6F2DC /* EssentialFeed */ = {
			isa = PBXGroup;
			children = (
				BF642E0E2B14DC3000D6F2DC /* EssentialFeed.h */,
				BFB936F12B16EBE800B37B3E /* Feed API */,
				BF55DBE42B15CE7D00FB36CA /* Feed Feature */,
			);
			path = EssentialFeed;
			sourceTree = "<group>";
		};
		BF642E172B14DC3000D6F2DC /* EssentialFeedTests */ = {
			isa = PBXGroup;
			children = (
				BFB936F82B173F0D00B37B3E /* Feed API */,
				BFE648462B24440700FA765D /* CI.xctestplan */,
			);
			path = EssentialFeedTests;
			sourceTree = "<group>";
		};
		BFB936F12B16EBE800B37B3E /* Feed API */ = {
			isa = PBXGroup;
			children = (
				BFB936F22B16EC2600B37B3E /* RemoteFeedLoader.swift */,
				BFB936F62B172E5300B37B3E /* FeedItemsMapper.swift */,
				BFB936F42B172DDB00B37B3E /* HTTPClient.swift */,
				BFE648352B24384D00FA765D /* URLSessionHTTPClient.swift */,
			);
			path = "Feed API";
			sourceTree = "<group>";
		};
		BFB936F82B173F0D00B37B3E /* Feed API */ = {
			isa = PBXGroup;
			children = (
				BFE648322B240E3E00FA765D /* Helpers */,
				BF55DBE52B15F85A00FB36CA /* RemoteFeedLoaderTests.swift */,
				BF91D6412B1E4CD100238ABF /* URLSessionHTTPClientTests.swift */,
			);
			path = "Feed API";
			sourceTree = "<group>";
		};
		BFE648322B240E3E00FA765D /* Helpers */ = {
			isa = PBXGroup;
			children = (
				BFE648332B240E8400FA765D /* XCTestCase+MemoryLeakTracking.swift */,
			);
			path = Helpers;
			sourceTree = "<group>";
		};
		BFE6483C2B243C9000FA765D /* EssentialFeedAPIEndToEndTests */ = {
			isa = PBXGroup;
			children = (
				BFE6483D2B243C9000FA765D /* EssentialFeedAPIEndToEndTests.swift */,
			);
			path = EssentialFeedAPIEndToEndTests;
			sourceTree = "<group>";
		};
/* End PBXGroup section */

/* Begin PBXHeadersBuildPhase section */
		BF642E062B14DC3000D6F2DC /* Headers */ = {
			isa = PBXHeadersBuildPhase;
			buildActionMask = 2147483647;
			files = (
				BF642E1A2B14DC3000D6F2DC /* EssentialFeed.h in Headers */,
			);
			runOnlyForDeploymentPostprocessing = 0;
		};
/* End PBXHeadersBuildPhase section */

/* Begin PBXNativeTarget section */
		BF642E0A2B14DC3000D6F2DC /* EssentialFeed */ = {
			isa = PBXNativeTarget;
			buildConfigurationList = BF642E1D2B14DC3000D6F2DC /* Build configuration list for PBXNativeTarget "EssentialFeed" */;
			buildPhases = (
				BF642E062B14DC3000D6F2DC /* Headers */,
				BF642E072B14DC3000D6F2DC /* Sources */,
				BF642E082B14DC3000D6F2DC /* Frameworks */,
				BF642E092B14DC3000D6F2DC /* Resources */,
			);
			buildRules = (
			);
			dependencies = (
			);
			name = EssentialFeed;
			productName = EssentialFeed;
			productReference = BF642E0B2B14DC3000D6F2DC /* EssentialFeed.framework */;
			productType = "com.apple.product-type.framework";
		};
		BF642E122B14DC3000D6F2DC /* EssentialFeedTests */ = {
			isa = PBXNativeTarget;
			buildConfigurationList = BF642E202B14DC3000D6F2DC /* Build configuration list for PBXNativeTarget "EssentialFeedTests" */;
			buildPhases = (
				BF642E0F2B14DC3000D6F2DC /* Sources */,
				BF642E102B14DC3000D6F2DC /* Frameworks */,
				BF642E112B14DC3000D6F2DC /* Resources */,
			);
			buildRules = (
			);
			dependencies = (
				BF642E162B14DC3000D6F2DC /* PBXTargetDependency */,
			);
			name = EssentialFeedTests;
			productName = EssentialFeedTests;
			productReference = BF642E132B14DC3000D6F2DC /* EssentialFeedTests.xctest */;
			productType = "com.apple.product-type.bundle.unit-test";
		};
		BFE6483A2B243C9000FA765D /* EssentialFeedAPIEndToEndTests */ = {
			isa = PBXNativeTarget;
			buildConfigurationList = BFE648422B243C9000FA765D /* Build configuration list for PBXNativeTarget "EssentialFeedAPIEndToEndTests" */;
			buildPhases = (
				BFE648372B243C9000FA765D /* Sources */,
				BFE648382B243C9000FA765D /* Frameworks */,
				BFE648392B243C9000FA765D /* Resources */,
			);
			buildRules = (
			);
			dependencies = (
				BFE648412B243C9000FA765D /* PBXTargetDependency */,
			);
			name = EssentialFeedAPIEndToEndTests;
			productName = EssentialFeedAPIEndToEndTests;
			productReference = BFE6483B2B243C9000FA765D /* EssentialFeedAPIEndToEndTests.xctest */;
			productType = "com.apple.product-type.bundle.unit-test";
		};
/* End PBXNativeTarget section */

/* Begin PBXProject section */
		BF642E022B14DC3000D6F2DC /* Project object */ = {
			isa = PBXProject;
			attributes = {
				BuildIndependentTargetsInParallel = 1;
				LastSwiftUpdateCheck = 1500;
				LastUpgradeCheck = 1500;
				TargetAttributes = {
					BF642E0A2B14DC3000D6F2DC = {
						CreatedOnToolsVersion = 15.0.1;
						LastSwiftMigration = 1500;
					};
					BF642E122B14DC3000D6F2DC = {
						CreatedOnToolsVersion = 15.0.1;
						LastSwiftMigration = 1500;
					};
					BFE6483A2B243C9000FA765D = {
						CreatedOnToolsVersion = 15.0.1;
					};
				};
			};
			buildConfigurationList = BF642E052B14DC3000D6F2DC /* Build configuration list for PBXProject "EssentialFeed" */;
			compatibilityVersion = "Xcode 14.0";
			developmentRegion = en;
			hasScannedForEncodings = 0;
			knownRegions = (
				en,
				Base,
			);
			mainGroup = BF642E012B14DC3000D6F2DC;
			productRefGroup = BF642E0C2B14DC3000D6F2DC /* Products */;
			projectDirPath = "";
			projectRoot = "";
			targets = (
				BF642E0A2B14DC3000D6F2DC /* EssentialFeed */,
				BF642E122B14DC3000D6F2DC /* EssentialFeedTests */,
				BFE6483A2B243C9000FA765D /* EssentialFeedAPIEndToEndTests */,
			);
		};
/* End PBXProject section */

/* Begin PBXResourcesBuildPhase section */
		BF642E092B14DC3000D6F2DC /* Resources */ = {
			isa = PBXResourcesBuildPhase;
			buildActionMask = 2147483647;
			files = (
			);
			runOnlyForDeploymentPostprocessing = 0;
		};
		BF642E112B14DC3000D6F2DC /* Resources */ = {
			isa = PBXResourcesBuildPhase;
			buildActionMask = 2147483647;
			files = (
			);
			runOnlyForDeploymentPostprocessing = 0;
		};
		BFE648392B243C9000FA765D /* Resources */ = {
			isa = PBXResourcesBuildPhase;
			buildActionMask = 2147483647;
			files = (
			);
			runOnlyForDeploymentPostprocessing = 0;
		};
/* End PBXResourcesBuildPhase section */

/* Begin PBXSourcesBuildPhase section */
		BF642E072B14DC3000D6F2DC /* Sources */ = {
			isa = PBXSourcesBuildPhase;
			buildActionMask = 2147483647;
			files = (
				BFB936F72B172E5300B37B3E /* FeedItemsMapper.swift in Sources */,
				BF55DBE32B15CD2600FB36CA /* FeedLoader.swift in Sources */,
				BFB936F32B16EC2600B37B3E /* RemoteFeedLoader.swift in Sources */,
				BFB936F52B172DDB00B37B3E /* HTTPClient.swift in Sources */,
				BF55DBE12B15CA6B00FB36CA /* FeedItem.swift in Sources */,
				BFE648362B24384D00FA765D /* URLSessionHTTPClient.swift in Sources */,
			);
			runOnlyForDeploymentPostprocessing = 0;
		};
		BF642E0F2B14DC3000D6F2DC /* Sources */ = {
			isa = PBXSourcesBuildPhase;
			buildActionMask = 2147483647;
			files = (
				BF55DBE62B15F85A00FB36CA /* RemoteFeedLoaderTests.swift in Sources */,
				BF91D6422B1E4CD100238ABF /* URLSessionHTTPClientTests.swift in Sources */,
				BFE648342B240E8400FA765D /* XCTestCase+MemoryLeakTracking.swift in Sources */,
			);
			runOnlyForDeploymentPostprocessing = 0;
		};
		BFE648372B243C9000FA765D /* Sources */ = {
			isa = PBXSourcesBuildPhase;
			buildActionMask = 2147483647;
			files = (
				BFE6483E2B243C9000FA765D /* EssentialFeedAPIEndToEndTests.swift in Sources */,
				BFE648452B243F5100FA765D /* XCTestCase+MemoryLeakTracking.swift in Sources */,
			);
			runOnlyForDeploymentPostprocessing = 0;
		};
/* End PBXSourcesBuildPhase section */

/* Begin PBXTargetDependency section */
		BF642E162B14DC3000D6F2DC /* PBXTargetDependency */ = {
			isa = PBXTargetDependency;
			target = BF642E0A2B14DC3000D6F2DC /* EssentialFeed */;
			targetProxy = BF642E152B14DC3000D6F2DC /* PBXContainerItemProxy */;
		};
		BFE648412B243C9000FA765D /* PBXTargetDependency */ = {
			isa = PBXTargetDependency;
			target = BF642E0A2B14DC3000D6F2DC /* EssentialFeed */;
			targetProxy = BFE648402B243C9000FA765D /* PBXContainerItemProxy */;
		};
/* End PBXTargetDependency section */

/* Begin XCBuildConfiguration section */
		BF642E1B2B14DC3000D6F2DC /* Debug */ = {
			isa = XCBuildConfiguration;
			buildSettings = {
				ALWAYS_SEARCH_USER_PATHS = NO;
				ASSETCATALOG_COMPILER_GENERATE_SWIFT_ASSET_SYMBOL_EXTENSIONS = YES;
				CLANG_ANALYZER_NONNULL = YES;
				CLANG_ANALYZER_NUMBER_OBJECT_CONVERSION = YES_AGGRESSIVE;
				CLANG_CXX_LANGUAGE_STANDARD = "gnu++20";
				CLANG_ENABLE_MODULES = YES;
				CLANG_ENABLE_OBJC_ARC = YES;
				CLANG_ENABLE_OBJC_WEAK = YES;
				CLANG_WARN_BLOCK_CAPTURE_AUTORELEASING = YES;
				CLANG_WARN_BOOL_CONVERSION = YES;
				CLANG_WARN_COMMA = YES;
				CLANG_WARN_CONSTANT_CONVERSION = YES;
				CLANG_WARN_DEPRECATED_OBJC_IMPLEMENTATIONS = YES;
				CLANG_WARN_DIRECT_OBJC_ISA_USAGE = YES_ERROR;
				CLANG_WARN_DOCUMENTATION_COMMENTS = YES;
				CLANG_WARN_EMPTY_BODY = YES;
				CLANG_WARN_ENUM_CONVERSION = YES;
				CLANG_WARN_INFINITE_RECURSION = YES;
				CLANG_WARN_INT_CONVERSION = YES;
				CLANG_WARN_NON_LITERAL_NULL_CONVERSION = YES;
				CLANG_WARN_OBJC_IMPLICIT_RETAIN_SELF = YES;
				CLANG_WARN_OBJC_LITERAL_CONVERSION = YES;
				CLANG_WARN_OBJC_ROOT_CLASS = YES_ERROR;
				CLANG_WARN_QUOTED_INCLUDE_IN_FRAMEWORK_HEADER = YES;
				CLANG_WARN_RANGE_LOOP_ANALYSIS = YES;
				CLANG_WARN_STRICT_PROTOTYPES = YES;
				CLANG_WARN_SUSPICIOUS_MOVE = YES;
				CLANG_WARN_UNGUARDED_AVAILABILITY = YES_AGGRESSIVE;
				CLANG_WARN_UNREACHABLE_CODE = YES;
				CLANG_WARN__DUPLICATE_METHOD_MATCH = YES;
				COPY_PHASE_STRIP = NO;
				CURRENT_PROJECT_VERSION = 1;
				DEBUG_INFORMATION_FORMAT = dwarf;
				ENABLE_STRICT_OBJC_MSGSEND = YES;
				ENABLE_TESTABILITY = YES;
				ENABLE_USER_SCRIPT_SANDBOXING = YES;
				GCC_C_LANGUAGE_STANDARD = gnu17;
				GCC_DYNAMIC_NO_PIC = NO;
				GCC_NO_COMMON_BLOCKS = YES;
				GCC_OPTIMIZATION_LEVEL = 0;
				GCC_PREPROCESSOR_DEFINITIONS = (
					"DEBUG=1",
					"$(inherited)",
				);
				GCC_WARN_64_TO_32_BIT_CONVERSION = YES;
				GCC_WARN_ABOUT_RETURN_TYPE = YES_ERROR;
				GCC_WARN_UNDECLARED_SELECTOR = YES;
				GCC_WARN_UNINITIALIZED_AUTOS = YES_AGGRESSIVE;
				GCC_WARN_UNUSED_FUNCTION = YES;
				GCC_WARN_UNUSED_VARIABLE = YES;
				LOCALIZATION_PREFERS_STRING_CATALOGS = YES;
				MACOSX_DEPLOYMENT_TARGET = 14.0;
				MTL_ENABLE_DEBUG_INFO = INCLUDE_SOURCE;
				MTL_FAST_MATH = YES;
				ONLY_ACTIVE_ARCH = YES;
				SDKROOT = macosx;
				SWIFT_ACTIVE_COMPILATION_CONDITIONS = "DEBUG $(inherited)";
				SWIFT_OPTIMIZATION_LEVEL = "-Onone";
				VERSIONING_SYSTEM = "apple-generic";
				VERSION_INFO_PREFIX = "";
			};
			name = Debug;
		};
		BF642E1C2B14DC3000D6F2DC /* Release */ = {
			isa = XCBuildConfiguration;
			buildSettings = {
				ALWAYS_SEARCH_USER_PATHS = NO;
				ASSETCATALOG_COMPILER_GENERATE_SWIFT_ASSET_SYMBOL_EXTENSIONS = YES;
				CLANG_ANALYZER_NONNULL = YES;
				CLANG_ANALYZER_NUMBER_OBJECT_CONVERSION = YES_AGGRESSIVE;
				CLANG_CXX_LANGUAGE_STANDARD = "gnu++20";
				CLANG_ENABLE_MODULES = YES;
				CLANG_ENABLE_OBJC_ARC = YES;
				CLANG_ENABLE_OBJC_WEAK = YES;
				CLANG_WARN_BLOCK_CAPTURE_AUTORELEASING = YES;
				CLANG_WARN_BOOL_CONVERSION = YES;
				CLANG_WARN_COMMA = YES;
				CLANG_WARN_CONSTANT_CONVERSION = YES;
				CLANG_WARN_DEPRECATED_OBJC_IMPLEMENTATIONS = YES;
				CLANG_WARN_DIRECT_OBJC_ISA_USAGE = YES_ERROR;
				CLANG_WARN_DOCUMENTATION_COMMENTS = YES;
				CLANG_WARN_EMPTY_BODY = YES;
				CLANG_WARN_ENUM_CONVERSION = YES;
				CLANG_WARN_INFINITE_RECURSION = YES;
				CLANG_WARN_INT_CONVERSION = YES;
				CLANG_WARN_NON_LITERAL_NULL_CONVERSION = YES;
				CLANG_WARN_OBJC_IMPLICIT_RETAIN_SELF = YES;
				CLANG_WARN_OBJC_LITERAL_CONVERSION = YES;
				CLANG_WARN_OBJC_ROOT_CLASS = YES_ERROR;
				CLANG_WARN_QUOTED_INCLUDE_IN_FRAMEWORK_HEADER = YES;
				CLANG_WARN_RANGE_LOOP_ANALYSIS = YES;
				CLANG_WARN_STRICT_PROTOTYPES = YES;
				CLANG_WARN_SUSPICIOUS_MOVE = YES;
				CLANG_WARN_UNGUARDED_AVAILABILITY = YES_AGGRESSIVE;
				CLANG_WARN_UNREACHABLE_CODE = YES;
				CLANG_WARN__DUPLICATE_METHOD_MATCH = YES;
				COPY_PHASE_STRIP = NO;
				CURRENT_PROJECT_VERSION = 1;
				DEBUG_INFORMATION_FORMAT = "dwarf-with-dsym";
				ENABLE_NS_ASSERTIONS = NO;
				ENABLE_STRICT_OBJC_MSGSEND = YES;
				ENABLE_USER_SCRIPT_SANDBOXING = YES;
				GCC_C_LANGUAGE_STANDARD = gnu17;
				GCC_NO_COMMON_BLOCKS = YES;
				GCC_WARN_64_TO_32_BIT_CONVERSION = YES;
				GCC_WARN_ABOUT_RETURN_TYPE = YES_ERROR;
				GCC_WARN_UNDECLARED_SELECTOR = YES;
				GCC_WARN_UNINITIALIZED_AUTOS = YES_AGGRESSIVE;
				GCC_WARN_UNUSED_FUNCTION = YES;
				GCC_WARN_UNUSED_VARIABLE = YES;
				LOCALIZATION_PREFERS_STRING_CATALOGS = YES;
				MACOSX_DEPLOYMENT_TARGET = 14.0;
				MTL_ENABLE_DEBUG_INFO = NO;
				MTL_FAST_MATH = YES;
				SDKROOT = macosx;
				SWIFT_COMPILATION_MODE = wholemodule;
				VERSIONING_SYSTEM = "apple-generic";
				VERSION_INFO_PREFIX = "";
			};
			name = Release;
		};
		BF642E1E2B14DC3000D6F2DC /* Debug */ = {
			isa = XCBuildConfiguration;
			buildSettings = {
				CLANG_ENABLE_MODULES = YES;
				CODE_SIGN_STYLE = Automatic;
				COMBINE_HIDPI_IMAGES = YES;
				CURRENT_PROJECT_VERSION = 1;
				DEFINES_MODULE = YES;
				DEVELOPMENT_TEAM = FM6U2592Z8;
				DYLIB_COMPATIBILITY_VERSION = 1;
				DYLIB_CURRENT_VERSION = 1;
				DYLIB_INSTALL_NAME_BASE = "@rpath";
				ENABLE_MODULE_VERIFIER = YES;
				GENERATE_INFOPLIST_FILE = YES;
				INFOPLIST_KEY_NSHumanReadableCopyright = "";
				INSTALL_PATH = "$(LOCAL_LIBRARY_DIR)/Frameworks";
				LD_RUNPATH_SEARCH_PATHS = (
					"$(inherited)",
					"@executable_path/../Frameworks",
					"@loader_path/Frameworks",
				);
				MARKETING_VERSION = 1.0;
				MODULE_VERIFIER_SUPPORTED_LANGUAGES = "objective-c objective-c++";
				MODULE_VERIFIER_SUPPORTED_LANGUAGE_STANDARDS = "gnu17 gnu++20";
				PRODUCT_BUNDLE_IDENTIFIER = com.alexandervasilev.EssentialFeed;
				PRODUCT_NAME = "$(TARGET_NAME:c99extidentifier)";
				SKIP_INSTALL = YES;
				SWIFT_EMIT_LOC_STRINGS = YES;
				SWIFT_OPTIMIZATION_LEVEL = "-Onone";
				SWIFT_VERSION = 5.0;
			};
			name = Debug;
		};
		BF642E1F2B14DC3000D6F2DC /* Release */ = {
			isa = XCBuildConfiguration;
			buildSettings = {
				CLANG_ENABLE_MODULES = YES;
				CODE_SIGN_STYLE = Automatic;
				COMBINE_HIDPI_IMAGES = YES;
				CURRENT_PROJECT_VERSION = 1;
				DEFINES_MODULE = YES;
				DEVELOPMENT_TEAM = FM6U2592Z8;
				DYLIB_COMPATIBILITY_VERSION = 1;
				DYLIB_CURRENT_VERSION = 1;
				DYLIB_INSTALL_NAME_BASE = "@rpath";
				ENABLE_MODULE_VERIFIER = YES;
				GENERATE_INFOPLIST_FILE = YES;
				INFOPLIST_KEY_NSHumanReadableCopyright = "";
				INSTALL_PATH = "$(LOCAL_LIBRARY_DIR)/Frameworks";
				LD_RUNPATH_SEARCH_PATHS = (
					"$(inherited)",
					"@executable_path/../Frameworks",
					"@loader_path/Frameworks",
				);
				MARKETING_VERSION = 1.0;
				MODULE_VERIFIER_SUPPORTED_LANGUAGES = "objective-c objective-c++";
				MODULE_VERIFIER_SUPPORTED_LANGUAGE_STANDARDS = "gnu17 gnu++20";
				PRODUCT_BUNDLE_IDENTIFIER = com.alexandervasilev.EssentialFeed;
				PRODUCT_NAME = "$(TARGET_NAME:c99extidentifier)";
				SKIP_INSTALL = YES;
				SWIFT_EMIT_LOC_STRINGS = YES;
				SWIFT_VERSION = 5.0;
			};
			name = Release;
		};
		BF642E212B14DC3000D6F2DC /* Debug */ = {
			isa = XCBuildConfiguration;
			buildSettings = {
				ALWAYS_EMBED_SWIFT_STANDARD_LIBRARIES = YES;
				CLANG_ENABLE_MODULES = YES;
				CODE_SIGN_STYLE = Automatic;
				CURRENT_PROJECT_VERSION = 1;
				DEVELOPMENT_TEAM = FM6U2592Z8;
				GENERATE_INFOPLIST_FILE = YES;
				MARKETING_VERSION = 1.0;
				PRODUCT_BUNDLE_IDENTIFIER = com.alexandervasilev.EssentialFeedTests;
				PRODUCT_NAME = "$(TARGET_NAME)";
				SWIFT_EMIT_LOC_STRINGS = NO;
				SWIFT_OPTIMIZATION_LEVEL = "-Onone";
				SWIFT_VERSION = 5.0;
			};
			name = Debug;
		};
		BF642E222B14DC3000D6F2DC /* Release */ = {
			isa = XCBuildConfiguration;
			buildSettings = {
				ALWAYS_EMBED_SWIFT_STANDARD_LIBRARIES = YES;
				CLANG_ENABLE_MODULES = YES;
				CODE_SIGN_STYLE = Automatic;
				CURRENT_PROJECT_VERSION = 1;
				DEVELOPMENT_TEAM = FM6U2592Z8;
				GENERATE_INFOPLIST_FILE = YES;
				MARKETING_VERSION = 1.0;
				PRODUCT_BUNDLE_IDENTIFIER = com.alexandervasilev.EssentialFeedTests;
				PRODUCT_NAME = "$(TARGET_NAME)";
				SWIFT_EMIT_LOC_STRINGS = NO;
				SWIFT_VERSION = 5.0;
			};
			name = Release;
		};
		BFE648432B243C9000FA765D /* Debug */ = {
			isa = XCBuildConfiguration;
			buildSettings = {
				CODE_SIGN_STYLE = Automatic;
				CURRENT_PROJECT_VERSION = 1;
				DEVELOPMENT_TEAM = FM6U2592Z8;
				GENERATE_INFOPLIST_FILE = YES;
				MARKETING_VERSION = 1.0;
				PRODUCT_BUNDLE_IDENTIFIER = com.alexandervasilev.EssentialFeedAPIEndToEndTests;
				PRODUCT_NAME = "$(TARGET_NAME)";
				SWIFT_EMIT_LOC_STRINGS = NO;
				SWIFT_VERSION = 5.0;
			};
			name = Debug;
		};
		BFE648442B243C9000FA765D /* Release */ = {
			isa = XCBuildConfiguration;
			buildSettings = {
				CODE_SIGN_STYLE = Automatic;
				CURRENT_PROJECT_VERSION = 1;
				DEVELOPMENT_TEAM = FM6U2592Z8;
				GENERATE_INFOPLIST_FILE = YES;
				MARKETING_VERSION = 1.0;
				PRODUCT_BUNDLE_IDENTIFIER = com.alexandervasilev.EssentialFeedAPIEndToEndTests;
				PRODUCT_NAME = "$(TARGET_NAME)";
				SWIFT_EMIT_LOC_STRINGS = NO;
				SWIFT_VERSION = 5.0;
			};
			name = Release;
		};
/* End XCBuildConfiguration section */

/* Begin XCConfigurationList section */
		BF642E052B14DC3000D6F2DC /* Build configuration list for PBXProject "EssentialFeed" */ = {
			isa = XCConfigurationList;
			buildConfigurations = (
				BF642E1B2B14DC3000D6F2DC /* Debug */,
				BF642E1C2B14DC3000D6F2DC /* Release */,
			);
			defaultConfigurationIsVisible = 0;
			defaultConfigurationName = Release;
		};
		BF642E1D2B14DC3000D6F2DC /* Build configuration list for PBXNativeTarget "EssentialFeed" */ = {
			isa = XCConfigurationList;
			buildConfigurations = (
				BF642E1E2B14DC3000D6F2DC /* Debug */,
				BF642E1F2B14DC3000D6F2DC /* Release */,
			);
			defaultConfigurationIsVisible = 0;
			defaultConfigurationName = Release;
		};
		BF642E202B14DC3000D6F2DC /* Build configuration list for PBXNativeTarget "EssentialFeedTests" */ = {
			isa = XCConfigurationList;
			buildConfigurations = (
				BF642E212B14DC3000D6F2DC /* Debug */,
				BF642E222B14DC3000D6F2DC /* Release */,
			);
			defaultConfigurationIsVisible = 0;
			defaultConfigurationName = Release;
		};
		BFE648422B243C9000FA765D /* Build configuration list for PBXNativeTarget "EssentialFeedAPIEndToEndTests" */ = {
			isa = XCConfigurationList;
			buildConfigurations = (
				BFE648432B243C9000FA765D /* Debug */,
				BFE648442B243C9000FA765D /* Release */,
			);
			defaultConfigurationIsVisible = 0;
			defaultConfigurationName = Release;
		};
/* End XCConfigurationList section */
	};
	rootObject = BF642E022B14DC3000D6F2DC /* Project object */;
}
